
Microsoft Visual Studio Solution File, Format Version 12.00
# Visual Studio Version 16
VisualStudioVersion = 16.0.30204.135
MinimumVisualStudioVersion = 10.0.40219.1
Project("{FAE04EC0-301F-11D3-BF4B-00C04F79EFBC}") = "RESTapi application", "RESTapi application.csproj", "{44709D3D-DB1B-4FD7-81AF-C0FD7ABB6FA6}"
EndProject
Global
	GlobalSection(SolutionConfigurationPlatforms) = preSolution
		Debug|Any CPU = Debug|Any CPU
		Release|Any CPU = Release|Any CPU
	EndGlobalSection
	GlobalSection(ProjectConfigurationPlatforms) = postSolution
		{44709D3D-DB1B-4FD7-81AF-C0FD7ABB6FA6}.Debug|Any CPU.ActiveCfg = Debug|Any CPU
		{44709D3D-DB1B-4FD7-81AF-C0FD7ABB6FA6}.Debug|Any CPU.Build.0 = Debug|Any CPU
		{44709D3D-DB1B-4FD7-81AF-C0FD7ABB6FA6}.Release|Any CPU.ActiveCfg = Release|Any CPU
		{44709D3D-DB1B-4FD7-81AF-C0FD7ABB6FA6}.Release|Any CPU.Build.0 = Release|Any CPU
	EndGlobalSection
	GlobalSection(SolutionProperties) = preSolution
		HideSolutionNode = FALSE
	EndGlobalSection
	GlobalSection(ExtensibilityGlobals) = postSolution
		SolutionGuid = {4DF9FA87-4B73-408A-BEB3-1795B2B2A1F4}
	EndGlobalSection
EndGlobal
